
Microsoft Visual Studio Solution File, Format Version 12.00
# Visual Studio 15
VisualStudioVersion = 15.0.28010.2026
MinimumVisualStudioVersion = 10.0.40219.1
Project("{FAE04EC0-301F-11D3-BF4B-00C04F79EFBC}") = "HolisticMain.Android", "HolisticMain\HolisticMain.Android\HolisticMain.Android.csproj", "{29501E5A-DC75-4EAA-B2A2-1FD4F322E36E}"
EndProject
Project("{FAE04EC0-301F-11D3-BF4B-00C04F79EFBC}") = "HolisticMain.iOS", "HolisticMain\HolisticMain.iOS\HolisticMain.iOS.csproj", "{A2B6BFF1-ED28-4963-8556-A840A67538DD}"
EndProject
Project("{FAE04EC0-301F-11D3-BF4B-00C04F79EFBC}") = "HolisticMain.UWP", "HolisticMain\HolisticMain.UWP\HolisticMain.UWP.csproj", "{68A70C9E-53A7-4E7F-B0B4-FB9A46EBD9F3}"
EndProject
Project("{FAE04EC0-301F-11D3-BF4B-00C04F79EFBC}") = "HolisticMain", "HolisticMain\HolisticMain\HolisticMain.csproj", "{7500721C-1BA3-45C7-8E1A-462E23FAA769}"
EndProject
Global
	GlobalSection(SolutionConfigurationPlatforms) = preSolution
		Ad-Hoc|Any CPU = Ad-Hoc|Any CPU
		Ad-Hoc|ARM = Ad-Hoc|ARM
		Ad-Hoc|iPhone = Ad-Hoc|iPhone
		Ad-Hoc|iPhoneSimulator = Ad-Hoc|iPhoneSimulator
		Ad-Hoc|x64 = Ad-Hoc|x64
		Ad-Hoc|x86 = Ad-Hoc|x86
		AppStore|Any CPU = AppStore|Any CPU
		AppStore|ARM = AppStore|ARM
		AppStore|iPhone = AppStore|iPhone
		AppStore|iPhoneSimulator = AppStore|iPhoneSimulator
		AppStore|x64 = AppStore|x64
		AppStore|x86 = AppStore|x86
		Debug|Any CPU = Debug|Any CPU
		Debug|ARM = Debug|ARM
		Debug|iPhone = Debug|iPhone
		Debug|iPhoneSimulator = Debug|iPhoneSimulator
		Debug|x64 = Debug|x64
		Debug|x86 = Debug|x86
		Release|Any CPU = Release|Any CPU
		Release|ARM = Release|ARM
		Release|iPhone = Release|iPhone
		Release|iPhoneSimulator = Release|iPhoneSimulator
		Release|x64 = Release|x64
		Release|x86 = Release|x86
	EndGlobalSection
	GlobalSection(ProjectConfigurationPlatforms) = postSolution
		{29501E5A-DC75-4EAA-B2A2-1FD4F322E36E}.Ad-Hoc|Any CPU.ActiveCfg = Release|Any CPU
		{29501E5A-DC75-4EAA-B2A2-1FD4F322E36E}.Ad-Hoc|Any CPU.Build.0 = Release|Any CPU
		{29501E5A-DC75-4EAA-B2A2-1FD4F322E36E}.Ad-Hoc|Any CPU.Deploy.0 = Release|Any CPU
		{29501E5A-DC75-4EAA-B2A2-1FD4F322E36E}.Ad-Hoc|ARM.ActiveCfg = Release|Any CPU
		{29501E5A-DC75-4EAA-B2A2-1FD4F322E36E}.Ad-Hoc|ARM.Build.0 = Release|Any CPU
		{29501E5A-DC75-4EAA-B2A2-1FD4F322E36E}.Ad-Hoc|ARM.Deploy.0 = Release|Any CPU
		{29501E5A-DC75-4EAA-B2A2-1FD4F322E36E}.Ad-Hoc|iPhone.ActiveCfg = Release|Any CPU
		{29501E5A-DC75-4EAA-B2A2-1FD4F322E36E}.Ad-Hoc|iPhone.Build.0 = Release|Any CPU
		{29501E5A-DC75-4EAA-B2A2-1FD4F322E36E}.Ad-Hoc|iPhone.Deploy.0 = Release|Any CPU
		{29501E5A-DC75-4EAA-B2A2-1FD4F322E36E}.Ad-Hoc|iPhoneSimulator.ActiveCfg = Release|Any CPU
		{29501E5A-DC75-4EAA-B2A2-1FD4F322E36E}.Ad-Hoc|iPhoneSimulator.Build.0 = Release|Any CPU
		{29501E5A-DC75-4EAA-B2A2-1FD4F322E36E}.Ad-Hoc|iPhoneSimulator.Deploy.0 = Release|Any CPU
		{29501E5A-DC75-4EAA-B2A2-1FD4F322E36E}.Ad-Hoc|x64.ActiveCfg = Release|Any CPU
		{29501E5A-DC75-4EAA-B2A2-1FD4F322E36E}.Ad-Hoc|x64.Build.0 = Release|Any CPU
		{29501E5A-DC75-4EAA-B2A2-1FD4F322E36E}.Ad-Hoc|x64.Deploy.0 = Release|Any CPU
		{29501E5A-DC75-4EAA-B2A2-1FD4F322E36E}.Ad-Hoc|x86.ActiveCfg = Release|Any CPU
		{29501E5A-DC75-4EAA-B2A2-1FD4F322E36E}.Ad-Hoc|x86.Build.0 = Release|Any CPU
		{29501E5A-DC75-4EAA-B2A2-1FD4F322E36E}.Ad-Hoc|x86.Deploy.0 = Release|Any CPU
		{29501E5A-DC75-4EAA-B2A2-1FD4F322E36E}.AppStore|Any CPU.ActiveCfg = Release|Any CPU
		{29501E5A-DC75-4EAA-B2A2-1FD4F322E36E}.AppStore|Any CPU.Build.0 = Release|Any CPU
		{29501E5A-DC75-4EAA-B2A2-1FD4F322E36E}.AppStore|Any CPU.Deploy.0 = Release|Any CPU
		{29501E5A-DC75-4EAA-B2A2-1FD4F322E36E}.AppStore|ARM.ActiveCfg = Release|Any CPU
		{29501E5A-DC75-4EAA-B2A2-1FD4F322E36E}.AppStore|ARM.Build.0 = Release|Any CPU
		{29501E5A-DC75-4EAA-B2A2-1FD4F322E36E}.AppStore|ARM.Deploy.0 = Release|Any CPU
		{29501E5A-DC75-4EAA-B2A2-1FD4F322E36E}.AppStore|iPhone.ActiveCfg = Release|Any CPU
		{29501E5A-DC75-4EAA-B2A2-1FD4F322E36E}.AppStore|iPhone.Build.0 = Release|Any CPU
		{29501E5A-DC75-4EAA-B2A2-1FD4F322E36E}.AppStore|iPhone.Deploy.0 = Release|Any CPU
		{29501E5A-DC75-4EAA-B2A2-1FD4F322E36E}.AppStore|iPhoneSimulator.ActiveCfg = Release|Any CPU
		{29501E5A-DC75-4EAA-B2A2-1FD4F322E36E}.AppStore|iPhoneSimulator.Build.0 = Release|Any CPU
		{29501E5A-DC75-4EAA-B2A2-1FD4F322E36E}.AppStore|iPhoneSimulator.Deploy.0 = Release|Any CPU
		{29501E5A-DC75-4EAA-B2A2-1FD4F322E36E}.AppStore|x64.ActiveCfg = Release|Any CPU
		{29501E5A-DC75-4EAA-B2A2-1FD4F322E36E}.AppStore|x64.Build.0 = Release|Any CPU
		{29501E5A-DC75-4EAA-B2A2-1FD4F322E36E}.AppStore|x64.Deploy.0 = Release|Any CPU
		{29501E5A-DC75-4EAA-B2A2-1FD4F322E36E}.AppStore|x86.ActiveCfg = Release|Any CPU
		{29501E5A-DC75-4EAA-B2A2-1FD4F322E36E}.AppStore|x86.Build.0 = Release|Any CPU
		{29501E5A-DC75-4EAA-B2A2-1FD4F322E36E}.AppStore|x86.Deploy.0 = Release|Any CPU
		{29501E5A-DC75-4EAA-B2A2-1FD4F322E36E}.Debug|Any CPU.ActiveCfg = Debug|Any CPU
		{29501E5A-DC75-4EAA-B2A2-1FD4F322E36E}.Debug|Any CPU.Build.0 = Debug|Any CPU
		{29501E5A-DC75-4EAA-B2A2-1FD4F322E36E}.Debug|Any CPU.Deploy.0 = Debug|Any CPU
		{29501E5A-DC75-4EAA-B2A2-1FD4F322E36E}.Debug|ARM.ActiveCfg = Debug|Any CPU
		{29501E5A-DC75-4EAA-B2A2-1FD4F322E36E}.Debug|ARM.Build.0 = Debug|Any CPU
		{29501E5A-DC75-4EAA-B2A2-1FD4F322E36E}.Debug|ARM.Deploy.0 = Debug|Any CPU
		{29501E5A-DC75-4EAA-B2A2-1FD4F322E36E}.Debug|iPhone.ActiveCfg = Debug|Any CPU
		{29501E5A-DC75-4EAA-B2A2-1FD4F322E36E}.Debug|iPhone.Build.0 = Debug|Any CPU
		{29501E5A-DC75-4EAA-B2A2-1FD4F322E36E}.Debug|iPhone.Deploy.0 = Debug|Any CPU
		{29501E5A-DC75-4EAA-B2A2-1FD4F322E36E}.Debug|iPhoneSimulator.ActiveCfg = Debug|Any CPU
		{29501E5A-DC75-4EAA-B2A2-1FD4F322E36E}.Debug|iPhoneSimulator.Build.0 = Debug|Any CPU
		{29501E5A-DC75-4EAA-B2A2-1FD4F322E36E}.Debug|iPhoneSimulator.Deploy.0 = Debug|Any CPU
		{29501E5A-DC75-4EAA-B2A2-1FD4F322E36E}.Debug|x64.ActiveCfg = Debug|Any CPU
		{29501E5A-DC75-4EAA-B2A2-1FD4F322E36E}.Debug|x64.Build.0 = Debug|Any CPU
		{29501E5A-DC75-4EAA-B2A2-1FD4F322E36E}.Debug|x64.Deploy.0 = Debug|Any CPU
		{29501E5A-DC75-4EAA-B2A2-1FD4F322E36E}.Debug|x86.ActiveCfg = Debug|Any CPU
		{29501E5A-DC75-4EAA-B2A2-1FD4F322E36E}.Debug|x86.Build.0 = Debug|Any CPU
		{29501E5A-DC75-4EAA-B2A2-1FD4F322E36E}.Debug|x86.Deploy.0 = Debug|Any CPU
		{29501E5A-DC75-4EAA-B2A2-1FD4F322E36E}.Release|Any CPU.ActiveCfg = Release|Any CPU
		{29501E5A-DC75-4EAA-B2A2-1FD4F322E36E}.Release|Any CPU.Build.0 = Release|Any CPU
		{29501E5A-DC75-4EAA-B2A2-1FD4F322E36E}.Release|Any CPU.Deploy.0 = Release|Any CPU
		{29501E5A-DC75-4EAA-B2A2-1FD4F322E36E}.Release|ARM.ActiveCfg = Release|Any CPU
		{29501E5A-DC75-4EAA-B2A2-1FD4F322E36E}.Release|ARM.Build.0 = Release|Any CPU
		{29501E5A-DC75-4EAA-B2A2-1FD4F322E36E}.Release|ARM.Deploy.0 = Release|Any CPU
		{29501E5A-DC75-4EAA-B2A2-1FD4F322E36E}.Release|iPhone.ActiveCfg = Release|Any CPU
		{29501E5A-DC75-4EAA-B2A2-1FD4F322E36E}.Release|iPhone.Build.0 = Release|Any CPU
		{29501E5A-DC75-4EAA-B2A2-1FD4F322E36E}.Release|iPhone.Deploy.0 = Release|Any CPU
		{29501E5A-DC75-4EAA-B2A2-1FD4F322E36E}.Release|iPhoneSimulator.ActiveCfg = Release|Any CPU
		{29501E5A-DC75-4EAA-B2A2-1FD4F322E36E}.Release|iPhoneSimulator.Build.0 = Release|Any CPU
		{29501E5A-DC75-4EAA-B2A2-1FD4F322E36E}.Release|iPhoneSimulator.Deploy.0 = Release|Any CPU
		{29501E5A-DC75-4EAA-B2A2-1FD4F322E36E}.Release|x64.ActiveCfg = Release|Any CPU
		{29501E5A-DC75-4EAA-B2A2-1FD4F322E36E}.Release|x64.Build.0 = Release|Any CPU
		{29501E5A-DC75-4EAA-B2A2-1FD4F322E36E}.Release|x64.Deploy.0 = Release|Any CPU
		{29501E5A-DC75-4EAA-B2A2-1FD4F322E36E}.Release|x86.ActiveCfg = Release|Any CPU
		{29501E5A-DC75-4EAA-B2A2-1FD4F322E36E}.Release|x86.Build.0 = Release|Any CPU
		{29501E5A-DC75-4EAA-B2A2-1FD4F322E36E}.Release|x86.Deploy.0 = Release|Any CPU
		{A2B6BFF1-ED28-4963-8556-A840A67538DD}.Ad-Hoc|Any CPU.ActiveCfg = Ad-Hoc|iPhone
		{A2B6BFF1-ED28-4963-8556-A840A67538DD}.Ad-Hoc|Any CPU.Build.0 = Ad-Hoc|iPhone
		{A2B6BFF1-ED28-4963-8556-A840A67538DD}.Ad-Hoc|Any CPU.Deploy.0 = Ad-Hoc|iPhone
		{A2B6BFF1-ED28-4963-8556-A840A67538DD}.Ad-Hoc|ARM.ActiveCfg = Ad-Hoc|iPhone
		{A2B6BFF1-ED28-4963-8556-A840A67538DD}.Ad-Hoc|ARM.Build.0 = Ad-Hoc|iPhone
		{A2B6BFF1-ED28-4963-8556-A840A67538DD}.Ad-Hoc|ARM.Deploy.0 = Ad-Hoc|iPhone
		{A2B6BFF1-ED28-4963-8556-A840A67538DD}.Ad-Hoc|iPhone.ActiveCfg = Ad-Hoc|iPhone
		{A2B6BFF1-ED28-4963-8556-A840A67538DD}.Ad-Hoc|iPhone.Build.0 = Ad-Hoc|iPhone
		{A2B6BFF1-ED28-4963-8556-A840A67538DD}.Ad-Hoc|iPhone.Deploy.0 = Ad-Hoc|iPhone
		{A2B6BFF1-ED28-4963-8556-A840A67538DD}.Ad-Hoc|iPhoneSimulator.ActiveCfg = Ad-Hoc|iPhoneSimulator
		{A2B6BFF1-ED28-4963-8556-A840A67538DD}.Ad-Hoc|iPhoneSimulator.Build.0 = Ad-Hoc|iPhoneSimulator
		{A2B6BFF1-ED28-4963-8556-A840A67538DD}.Ad-Hoc|iPhoneSimulator.Deploy.0 = Ad-Hoc|iPhoneSimulator
		{A2B6BFF1-ED28-4963-8556-A840A67538DD}.Ad-Hoc|x64.ActiveCfg = Ad-Hoc|iPhone
		{A2B6BFF1-ED28-4963-8556-A840A67538DD}.Ad-Hoc|x64.Build.0 = Ad-Hoc|iPhone
		{A2B6BFF1-ED28-4963-8556-A840A67538DD}.Ad-Hoc|x64.Deploy.0 = Ad-Hoc|iPhone
		{A2B6BFF1-ED28-4963-8556-A840A67538DD}.Ad-Hoc|x86.ActiveCfg = Ad-Hoc|iPhone
		{A2B6BFF1-ED28-4963-8556-A840A67538DD}.Ad-Hoc|x86.Build.0 = Ad-Hoc|iPhone
		{A2B6BFF1-ED28-4963-8556-A840A67538DD}.Ad-Hoc|x86.Deploy.0 = Ad-Hoc|iPhone
		{A2B6BFF1-ED28-4963-8556-A840A67538DD}.AppStore|Any CPU.ActiveCfg = AppStore|iPhone
		{A2B6BFF1-ED28-4963-8556-A840A67538DD}.AppStore|Any CPU.Build.0 = AppStore|iPhone
		{A2B6BFF1-ED28-4963-8556-A840A67538DD}.AppStore|Any CPU.Deploy.0 = AppStore|iPhone
		{A2B6BFF1-ED28-4963-8556-A840A67538DD}.AppStore|ARM.ActiveCfg = AppStore|iPhone
		{A2B6BFF1-ED28-4963-8556-A840A67538DD}.AppStore|ARM.Build.0 = AppStore|iPhone
		{A2B6BFF1-ED28-4963-8556-A840A67538DD}.AppStore|ARM.Deploy.0 = AppStore|iPhone
		{A2B6BFF1-ED28-4963-8556-A840A67538DD}.AppStore|iPhone.ActiveCfg = AppStore|iPhone
		{A2B6BFF1-ED28-4963-8556-A840A67538DD}.AppStore|iPhone.Build.0 = AppStore|iPhone
		{A2B6BFF1-ED28-4963-8556-A840A67538DD}.AppStore|iPhone.Deploy.0 = AppStore|iPhone
		{A2B6BFF1-ED28-4963-8556-A840A67538DD}.AppStore|iPhoneSimulator.ActiveCfg = AppStore|iPhoneSimulator
		{A2B6BFF1-ED28-4963-8556-A840A67538DD}.AppStore|iPhoneSimulator.Build.0 = AppStore|iPhoneSimulator
		{A2B6BFF1-ED28-4963-8556-A840A67538DD}.AppStore|iPhoneSimulator.Deploy.0 = AppStore|iPhoneSimulator
		{A2B6BFF1-ED28-4963-8556-A840A67538DD}.AppStore|x64.ActiveCfg = AppStore|iPhone
		{A2B6BFF1-ED28-4963-8556-A840A67538DD}.AppStore|x64.Build.0 = AppStore|iPhone
		{A2B6BFF1-ED28-4963-8556-A840A67538DD}.AppStore|x64.Deploy.0 = AppStore|iPhone
		{A2B6BFF1-ED28-4963-8556-A840A67538DD}.AppStore|x86.ActiveCfg = AppStore|iPhone
		{A2B6BFF1-ED28-4963-8556-A840A67538DD}.AppStore|x86.Build.0 = AppStore|iPhone
		{A2B6BFF1-ED28-4963-8556-A840A67538DD}.AppStore|x86.Deploy.0 = AppStore|iPhone
		{A2B6BFF1-ED28-4963-8556-A840A67538DD}.Debug|Any CPU.ActiveCfg = Debug|iPhoneSimulator
		{A2B6BFF1-ED28-4963-8556-A840A67538DD}.Debug|Any CPU.Build.0 = Debug|iPhoneSimulator
		{A2B6BFF1-ED28-4963-8556-A840A67538DD}.Debug|Any CPU.Deploy.0 = Debug|iPhoneSimulator
		{A2B6BFF1-ED28-4963-8556-A840A67538DD}.Debug|ARM.ActiveCfg = Debug|iPhone
		{A2B6BFF1-ED28-4963-8556-A840A67538DD}.Debug|ARM.Build.0 = Debug|iPhone
		{A2B6BFF1-ED28-4963-8556-A840A67538DD}.Debug|ARM.Deploy.0 = Debug|iPhone
		{A2B6BFF1-ED28-4963-8556-A840A67538DD}.Debug|iPhone.ActiveCfg = Debug|iPhone
		{A2B6BFF1-ED28-4963-8556-A840A67538DD}.Debug|iPhone.Build.0 = Debug|iPhone
		{A2B6BFF1-ED28-4963-8556-A840A67538DD}.Debug|iPhone.Deploy.0 = Debug|iPhone
		{A2B6BFF1-ED28-4963-8556-A840A67538DD}.Debug|iPhoneSimulator.ActiveCfg = Debug|iPhoneSimulator
		{A2B6BFF1-ED28-4963-8556-A840A67538DD}.Debug|iPhoneSimulator.Build.0 = Debug|iPhoneSimulator
		{A2B6BFF1-ED28-4963-8556-A840A67538DD}.Debug|iPhoneSimulator.Deploy.0 = Debug|iPhoneSimulator
		{A2B6BFF1-ED28-4963-8556-A840A67538DD}.Debug|x64.ActiveCfg = Debug|iPhone
		{A2B6BFF1-ED28-4963-8556-A840A67538DD}.Debug|x64.Build.0 = Debug|iPhone
		{A2B6BFF1-ED28-4963-8556-A840A67538DD}.Debug|x64.Deploy.0 = Debug|iPhone
		{A2B6BFF1-ED28-4963-8556-A840A67538DD}.Debug|x86.ActiveCfg = Debug|iPhone
		{A2B6BFF1-ED28-4963-8556-A840A67538DD}.Debug|x86.Build.0 = Debug|iPhone
		{A2B6BFF1-ED28-4963-8556-A840A67538DD}.Debug|x86.Deploy.0 = Debug|iPhone
		{A2B6BFF1-ED28-4963-8556-A840A67538DD}.Release|Any CPU.ActiveCfg = Release|iPhone
		{A2B6BFF1-ED28-4963-8556-A840A67538DD}.Release|Any CPU.Build.0 = Release|iPhone
		{A2B6BFF1-ED28-4963-8556-A840A67538DD}.Release|Any CPU.Deploy.0 = Release|iPhone
		{A2B6BFF1-ED28-4963-8556-A840A67538DD}.Release|ARM.ActiveCfg = Release|iPhone
		{A2B6BFF1-ED28-4963-8556-A840A67538DD}.Release|ARM.Build.0 = Release|iPhone
		{A2B6BFF1-ED28-4963-8556-A840A67538DD}.Release|ARM.Deploy.0 = Release|iPhone
		{A2B6BFF1-ED28-4963-8556-A840A67538DD}.Release|iPhone.ActiveCfg = Release|iPhone
		{A2B6BFF1-ED28-4963-8556-A840A67538DD}.Release|iPhone.Build.0 = Release|iPhone
		{A2B6BFF1-ED28-4963-8556-A840A67538DD}.Release|iPhone.Deploy.0 = Release|iPhone
		{A2B6BFF1-ED28-4963-8556-A840A67538DD}.Release|iPhoneSimulator.ActiveCfg = Release|iPhoneSimulator
		{A2B6BFF1-ED28-4963-8556-A840A67538DD}.Release|iPhoneSimulator.Build.0 = Release|iPhoneSimulator
		{A2B6BFF1-ED28-4963-8556-A840A67538DD}.Release|iPhoneSimulator.Deploy.0 = Release|iPhoneSimulator
		{A2B6BFF1-ED28-4963-8556-A840A67538DD}.Release|x64.ActiveCfg = Release|iPhone
		{A2B6BFF1-ED28-4963-8556-A840A67538DD}.Release|x64.Build.0 = Release|iPhone
		{A2B6BFF1-ED28-4963-8556-A840A67538DD}.Release|x64.Deploy.0 = Release|iPhone
		{A2B6BFF1-ED28-4963-8556-A840A67538DD}.Release|x86.ActiveCfg = Release|iPhone
		{A2B6BFF1-ED28-4963-8556-A840A67538DD}.Release|x86.Build.0 = Release|iPhone
		{A2B6BFF1-ED28-4963-8556-A840A67538DD}.Release|x86.Deploy.0 = Release|iPhone
		{68A70C9E-53A7-4E7F-B0B4-FB9A46EBD9F3}.Ad-Hoc|Any CPU.ActiveCfg = Release|x86
		{68A70C9E-53A7-4E7F-B0B4-FB9A46EBD9F3}.Ad-Hoc|Any CPU.Build.0 = Release|x86
		{68A70C9E-53A7-4E7F-B0B4-FB9A46EBD9F3}.Ad-Hoc|Any CPU.Deploy.0 = Release|x86
		{68A70C9E-53A7-4E7F-B0B4-FB9A46EBD9F3}.Ad-Hoc|ARM.ActiveCfg = Release|ARM
		{68A70C9E-53A7-4E7F-B0B4-FB9A46EBD9F3}.Ad-Hoc|ARM.Build.0 = Release|ARM
		{68A70C9E-53A7-4E7F-B0B4-FB9A46EBD9F3}.Ad-Hoc|ARM.Deploy.0 = Release|ARM
		{68A70C9E-53A7-4E7F-B0B4-FB9A46EBD9F3}.Ad-Hoc|iPhone.ActiveCfg = Release|x86
		{68A70C9E-53A7-4E7F-B0B4-FB9A46EBD9F3}.Ad-Hoc|iPhone.Build.0 = Release|x86
		{68A70C9E-53A7-4E7F-B0B4-FB9A46EBD9F3}.Ad-Hoc|iPhone.Deploy.0 = Release|x86
		{68A70C9E-53A7-4E7F-B0B4-FB9A46EBD9F3}.Ad-Hoc|iPhoneSimulator.ActiveCfg = Release|x86
		{68A70C9E-53A7-4E7F-B0B4-FB9A46EBD9F3}.Ad-Hoc|iPhoneSimulator.Build.0 = Release|x86
		{68A70C9E-53A7-4E7F-B0B4-FB9A46EBD9F3}.Ad-Hoc|iPhoneSimulator.Deploy.0 = Release|x86
		{68A70C9E-53A7-4E7F-B0B4-FB9A46EBD9F3}.Ad-Hoc|x64.ActiveCfg = Release|x64
		{68A70C9E-53A7-4E7F-B0B4-FB9A46EBD9F3}.Ad-Hoc|x64.Build.0 = Release|x64
		{68A70C9E-53A7-4E7F-B0B4-FB9A46EBD9F3}.Ad-Hoc|x64.Deploy.0 = Release|x64
		{68A70C9E-53A7-4E7F-B0B4-FB9A46EBD9F3}.Ad-Hoc|x86.ActiveCfg = Release|x86
		{68A70C9E-53A7-4E7F-B0B4-FB9A46EBD9F3}.Ad-Hoc|x86.Build.0 = Release|x86
		{68A70C9E-53A7-4E7F-B0B4-FB9A46EBD9F3}.Ad-Hoc|x86.Deploy.0 = Release|x86
		{68A70C9E-53A7-4E7F-B0B4-FB9A46EBD9F3}.AppStore|Any CPU.ActiveCfg = Release|x86
		{68A70C9E-53A7-4E7F-B0B4-FB9A46EBD9F3}.AppStore|Any CPU.Build.0 = Release|x86
		{68A70C9E-53A7-4E7F-B0B4-FB9A46EBD9F3}.AppStore|Any CPU.Deploy.0 = Release|x86
		{68A70C9E-53A7-4E7F-B0B4-FB9A46EBD9F3}.AppStore|ARM.ActiveCfg = Release|ARM
		{68A70C9E-53A7-4E7F-B0B4-FB9A46EBD9F3}.AppStore|ARM.Build.0 = Release|ARM
		{68A70C9E-53A7-4E7F-B0B4-FB9A46EBD9F3}.AppStore|ARM.Deploy.0 = Release|ARM
		{68A70C9E-53A7-4E7F-B0B4-FB9A46EBD9F3}.AppStore|iPhone.ActiveCfg = Release|x86
		{68A70C9E-53A7-4E7F-B0B4-FB9A46EBD9F3}.AppStore|iPhone.Build.0 = Release|x86
		{68A70C9E-53A7-4E7F-B0B4-FB9A46EBD9F3}.AppStore|iPhone.Deploy.0 = Release|x86
		{68A70C9E-53A7-4E7F-B0B4-FB9A46EBD9F3}.AppStore|iPhoneSimulator.ActiveCfg = Release|x86
		{68A70C9E-53A7-4E7F-B0B4-FB9A46EBD9F3}.AppStore|iPhoneSimulator.Build.0 = Release|x86
		{68A70C9E-53A7-4E7F-B0B4-FB9A46EBD9F3}.AppStore|iPhoneSimulator.Deploy.0 = Release|x86
		{68A70C9E-53A7-4E7F-B0B4-FB9A46EBD9F3}.AppStore|x64.ActiveCfg = Release|x64
		{68A70C9E-53A7-4E7F-B0B4-FB9A46EBD9F3}.AppStore|x64.Build.0 = Release|x64
		{68A70C9E-53A7-4E7F-B0B4-FB9A46EBD9F3}.AppStore|x64.Deploy.0 = Release|x64
		{68A70C9E-53A7-4E7F-B0B4-FB9A46EBD9F3}.AppStore|x86.ActiveCfg = Release|x86
		{68A70C9E-53A7-4E7F-B0B4-FB9A46EBD9F3}.AppStore|x86.Build.0 = Release|x86
		{68A70C9E-53A7-4E7F-B0B4-FB9A46EBD9F3}.AppStore|x86.Deploy.0 = Release|x86
		{68A70C9E-53A7-4E7F-B0B4-FB9A46EBD9F3}.Debug|Any CPU.ActiveCfg = Debug|x86
		{68A70C9E-53A7-4E7F-B0B4-FB9A46EBD9F3}.Debug|Any CPU.Build.0 = Debug|x86
		{68A70C9E-53A7-4E7F-B0B4-FB9A46EBD9F3}.Debug|Any CPU.Deploy.0 = Debug|x86
		{68A70C9E-53A7-4E7F-B0B4-FB9A46EBD9F3}.Debug|ARM.ActiveCfg = Debug|ARM
		{68A70C9E-53A7-4E7F-B0B4-FB9A46EBD9F3}.Debug|ARM.Build.0 = Debug|ARM
		{68A70C9E-53A7-4E7F-B0B4-FB9A46EBD9F3}.Debug|ARM.Deploy.0 = Debug|ARM
		{68A70C9E-53A7-4E7F-B0B4-FB9A46EBD9F3}.Debug|iPhone.ActiveCfg = Debug|x86
		{68A70C9E-53A7-4E7F-B0B4-FB9A46EBD9F3}.Debug|iPhone.Build.0 = Debug|x86
		{68A70C9E-53A7-4E7F-B0B4-FB9A46EBD9F3}.Debug|iPhone.Deploy.0 = Debug|x86
		{68A70C9E-53A7-4E7F-B0B4-FB9A46EBD9F3}.Debug|iPhoneSimulator.ActiveCfg = Debug|x86
		{68A70C9E-53A7-4E7F-B0B4-FB9A46EBD9F3}.Debug|iPhoneSimulator.Build.0 = Debug|x86
		{68A70C9E-53A7-4E7F-B0B4-FB9A46EBD9F3}.Debug|iPhoneSimulator.Deploy.0 = Debug|x86
		{68A70C9E-53A7-4E7F-B0B4-FB9A46EBD9F3}.Debug|x64.ActiveCfg = Debug|x64
		{68A70C9E-53A7-4E7F-B0B4-FB9A46EBD9F3}.Debug|x64.Build.0 = Debug|x64
		{68A70C9E-53A7-4E7F-B0B4-FB9A46EBD9F3}.Debug|x64.Deploy.0 = Debug|x64
		{68A70C9E-53A7-4E7F-B0B4-FB9A46EBD9F3}.Debug|x86.ActiveCfg = Debug|x86
		{68A70C9E-53A7-4E7F-B0B4-FB9A46EBD9F3}.Debug|x86.Build.0 = Debug|x86
		{68A70C9E-53A7-4E7F-B0B4-FB9A46EBD9F3}.Debug|x86.Deploy.0 = Debug|x86
		{68A70C9E-53A7-4E7F-B0B4-FB9A46EBD9F3}.Release|Any CPU.ActiveCfg = Release|x86
		{68A70C9E-53A7-4E7F-B0B4-FB9A46EBD9F3}.Release|Any CPU.Build.0 = Release|x86
		{68A70C9E-53A7-4E7F-B0B4-FB9A46EBD9F3}.Release|Any CPU.Deploy.0 = Release|x86
		{68A70C9E-53A7-4E7F-B0B4-FB9A46EBD9F3}.Release|ARM.ActiveCfg = Release|ARM
		{68A70C9E-53A7-4E7F-B0B4-FB9A46EBD9F3}.Release|ARM.Build.0 = Release|ARM
		{68A70C9E-53A7-4E7F-B0B4-FB9A46EBD9F3}.Release|ARM.Deploy.0 = Release|ARM
		{68A70C9E-53A7-4E7F-B0B4-FB9A46EBD9F3}.Release|iPhone.ActiveCfg = Release|x86
		{68A70C9E-53A7-4E7F-B0B4-FB9A46EBD9F3}.Release|iPhone.Build.0 = Release|x86
		{68A70C9E-53A7-4E7F-B0B4-FB9A46EBD9F3}.Release|iPhone.Deploy.0 = Release|x86
		{68A70C9E-53A7-4E7F-B0B4-FB9A46EBD9F3}.Release|iPhoneSimulator.ActiveCfg = Release|x86
		{68A70C9E-53A7-4E7F-B0B4-FB9A46EBD9F3}.Release|iPhoneSimulator.Build.0 = Release|x86
		{68A70C9E-53A7-4E7F-B0B4-FB9A46EBD9F3}.Release|iPhoneSimulator.Deploy.0 = Release|x86
		{68A70C9E-53A7-4E7F-B0B4-FB9A46EBD9F3}.Release|x64.ActiveCfg = Release|x64
		{68A70C9E-53A7-4E7F-B0B4-FB9A46EBD9F3}.Release|x64.Build.0 = Release|x64
		{68A70C9E-53A7-4E7F-B0B4-FB9A46EBD9F3}.Release|x64.Deploy.0 = Release|x64
		{68A70C9E-53A7-4E7F-B0B4-FB9A46EBD9F3}.Release|x86.ActiveCfg = Release|x86
		{68A70C9E-53A7-4E7F-B0B4-FB9A46EBD9F3}.Release|x86.Build.0 = Release|x86
		{68A70C9E-53A7-4E7F-B0B4-FB9A46EBD9F3}.Release|x86.Deploy.0 = Release|x86
		{7500721C-1BA3-45C7-8E1A-462E23FAA769}.Ad-Hoc|Any CPU.ActiveCfg = Debug|Any CPU
		{7500721C-1BA3-45C7-8E1A-462E23FAA769}.Ad-Hoc|Any CPU.Build.0 = Debug|Any CPU
		{7500721C-1BA3-45C7-8E1A-462E23FAA769}.Ad-Hoc|Any CPU.Deploy.0 = Debug|Any CPU
		{7500721C-1BA3-45C7-8E1A-462E23FAA769}.Ad-Hoc|ARM.ActiveCfg = Debug|Any CPU
		{7500721C-1BA3-45C7-8E1A-462E23FAA769}.Ad-Hoc|ARM.Build.0 = Debug|Any CPU
		{7500721C-1BA3-45C7-8E1A-462E23FAA769}.Ad-Hoc|ARM.Deploy.0 = Debug|Any CPU
		{7500721C-1BA3-45C7-8E1A-462E23FAA769}.Ad-Hoc|iPhone.ActiveCfg = Debug|Any CPU
		{7500721C-1BA3-45C7-8E1A-462E23FAA769}.Ad-Hoc|iPhone.Build.0 = Debug|Any CPU
		{7500721C-1BA3-45C7-8E1A-462E23FAA769}.Ad-Hoc|iPhone.Deploy.0 = Debug|Any CPU
		{7500721C-1BA3-45C7-8E1A-462E23FAA769}.Ad-Hoc|iPhoneSimulator.ActiveCfg = Debug|Any CPU
		{7500721C-1BA3-45C7-8E1A-462E23FAA769}.Ad-Hoc|iPhoneSimulator.Build.0 = Debug|Any CPU
		{7500721C-1BA3-45C7-8E1A-462E23FAA769}.Ad-Hoc|iPhoneSimulator.Deploy.0 = Debug|Any CPU
		{7500721C-1BA3-45C7-8E1A-462E23FAA769}.Ad-Hoc|x64.ActiveCfg = Debug|Any CPU
		{7500721C-1BA3-45C7-8E1A-462E23FAA769}.Ad-Hoc|x64.Build.0 = Debug|Any CPU
		{7500721C-1BA3-45C7-8E1A-462E23FAA769}.Ad-Hoc|x64.Deploy.0 = Debug|Any CPU
		{7500721C-1BA3-45C7-8E1A-462E23FAA769}.Ad-Hoc|x86.ActiveCfg = Debug|Any CPU
		{7500721C-1BA3-45C7-8E1A-462E23FAA769}.Ad-Hoc|x86.Build.0 = Debug|Any CPU
		{7500721C-1BA3-45C7-8E1A-462E23FAA769}.Ad-Hoc|x86.Deploy.0 = Debug|Any CPU
		{7500721C-1BA3-45C7-8E1A-462E23FAA769}.AppStore|Any CPU.ActiveCfg = Debug|Any CPU
		{7500721C-1BA3-45C7-8E1A-462E23FAA769}.AppStore|Any CPU.Build.0 = Debug|Any CPU
		{7500721C-1BA3-45C7-8E1A-462E23FAA769}.AppStore|Any CPU.Deploy.0 = Debug|Any CPU
		{7500721C-1BA3-45C7-8E1A-462E23FAA769}.AppStore|ARM.ActiveCfg = Debug|Any CPU
		{7500721C-1BA3-45C7-8E1A-462E23FAA769}.AppStore|ARM.Build.0 = Debug|Any CPU
		{7500721C-1BA3-45C7-8E1A-462E23FAA769}.AppStore|ARM.Deploy.0 = Debug|Any CPU
		{7500721C-1BA3-45C7-8E1A-462E23FAA769}.AppStore|iPhone.ActiveCfg = Debug|Any CPU
		{7500721C-1BA3-45C7-8E1A-462E23FAA769}.AppStore|iPhone.Build.0 = Debug|Any CPU
		{7500721C-1BA3-45C7-8E1A-462E23FAA769}.AppStore|iPhone.Deploy.0 = Debug|Any CPU
		{7500721C-1BA3-45C7-8E1A-462E23FAA769}.AppStore|iPhoneSimulator.ActiveCfg = Debug|Any CPU
		{7500721C-1BA3-45C7-8E1A-462E23FAA769}.AppStore|iPhoneSimulator.Build.0 = Debug|Any CPU
		{7500721C-1BA3-45C7-8E1A-462E23FAA769}.AppStore|iPhoneSimulator.Deploy.0 = Debug|Any CPU
		{7500721C-1BA3-45C7-8E1A-462E23FAA769}.AppStore|x64.ActiveCfg = Debug|Any CPU
		{7500721C-1BA3-45C7-8E1A-462E23FAA769}.AppStore|x64.Build.0 = Debug|Any CPU
		{7500721C-1BA3-45C7-8E1A-462E23FAA769}.AppStore|x64.Deploy.0 = Debug|Any CPU
		{7500721C-1BA3-45C7-8E1A-462E23FAA769}.AppStore|x86.ActiveCfg = Debug|Any CPU
		{7500721C-1BA3-45C7-8E1A-462E23FAA769}.AppStore|x86.Build.0 = Debug|Any CPU
		{7500721C-1BA3-45C7-8E1A-462E23FAA769}.AppStore|x86.Deploy.0 = Debug|Any CPU
		{7500721C-1BA3-45C7-8E1A-462E23FAA769}.Debug|Any CPU.ActiveCfg = Debug|Any CPU
		{7500721C-1BA3-45C7-8E1A-462E23FAA769}.Debug|Any CPU.Build.0 = Debug|Any CPU
		{7500721C-1BA3-45C7-8E1A-462E23FAA769}.Debug|Any CPU.Deploy.0 = Debug|Any CPU
		{7500721C-1BA3-45C7-8E1A-462E23FAA769}.Debug|ARM.ActiveCfg = Debug|Any CPU
		{7500721C-1BA3-45C7-8E1A-462E23FAA769}.Debug|ARM.Build.0 = Debug|Any CPU
		{7500721C-1BA3-45C7-8E1A-462E23FAA769}.Debug|ARM.Deploy.0 = Debug|Any CPU
		{7500721C-1BA3-45C7-8E1A-462E23FAA769}.Debug|iPhone.ActiveCfg = Debug|Any CPU
		{7500721C-1BA3-45C7-8E1A-462E23FAA769}.Debug|iPhone.Build.0 = Debug|Any CPU
		{7500721C-1BA3-45C7-8E1A-462E23FAA769}.Debug|iPhone.Deploy.0 = Debug|Any CPU
		{7500721C-1BA3-45C7-8E1A-462E23FAA769}.Debug|iPhoneSimulator.ActiveCfg = Debug|Any CPU
		{7500721C-1BA3-45C7-8E1A-462E23FAA769}.Debug|iPhoneSimulator.Build.0 = Debug|Any CPU
		{7500721C-1BA3-45C7-8E1A-462E23FAA769}.Debug|iPhoneSimulator.Deploy.0 = Debug|Any CPU
		{7500721C-1BA3-45C7-8E1A-462E23FAA769}.Debug|x64.ActiveCfg = Debug|Any CPU
		{7500721C-1BA3-45C7-8E1A-462E23FAA769}.Debug|x64.Build.0 = Debug|Any CPU
		{7500721C-1BA3-45C7-8E1A-462E23FAA769}.Debug|x64.Deploy.0 = Debug|Any CPU
		{7500721C-1BA3-45C7-8E1A-462E23FAA769}.Debug|x86.ActiveCfg = Debug|Any CPU
		{7500721C-1BA3-45C7-8E1A-462E23FAA769}.Debug|x86.Build.0 = Debug|Any CPU
		{7500721C-1BA3-45C7-8E1A-462E23FAA769}.Debug|x86.Deploy.0 = Debug|Any CPU
		{7500721C-1BA3-45C7-8E1A-462E23FAA769}.Release|Any CPU.ActiveCfg = Release|Any CPU
		{7500721C-1BA3-45C7-8E1A-462E23FAA769}.Release|Any CPU.Build.0 = Release|Any CPU
		{7500721C-1BA3-45C7-8E1A-462E23FAA769}.Release|Any CPU.Deploy.0 = Release|Any CPU
		{7500721C-1BA3-45C7-8E1A-462E23FAA769}.Release|ARM.ActiveCfg = Release|Any CPU
		{7500721C-1BA3-45C7-8E1A-462E23FAA769}.Release|ARM.Build.0 = Release|Any CPU
		{7500721C-1BA3-45C7-8E1A-462E23FAA769}.Release|ARM.Deploy.0 = Release|Any CPU
		{7500721C-1BA3-45C7-8E1A-462E23FAA769}.Release|iPhone.ActiveCfg = Release|Any CPU
		{7500721C-1BA3-45C7-8E1A-462E23FAA769}.Release|iPhone.Build.0 = Release|Any CPU
		{7500721C-1BA3-45C7-8E1A-462E23FAA769}.Release|iPhone.Deploy.0 = Release|Any CPU
		{7500721C-1BA3-45C7-8E1A-462E23FAA769}.Release|iPhoneSimulator.ActiveCfg = Release|Any CPU
		{7500721C-1BA3-45C7-8E1A-462E23FAA769}.Release|iPhoneSimulator.Build.0 = Release|Any CPU
		{7500721C-1BA3-45C7-8E1A-462E23FAA769}.Release|iPhoneSimulator.Deploy.0 = Release|Any CPU
		{7500721C-1BA3-45C7-8E1A-462E23FAA769}.Release|x64.ActiveCfg = Release|Any CPU
		{7500721C-1BA3-45C7-8E1A-462E23FAA769}.Release|x64.Build.0 = Release|Any CPU
		{7500721C-1BA3-45C7-8E1A-462E23FAA769}.Release|x64.Deploy.0 = Release|Any CPU
		{7500721C-1BA3-45C7-8E1A-462E23FAA769}.Release|x86.ActiveCfg = Release|Any CPU
		{7500721C-1BA3-45C7-8E1A-462E23FAA769}.Release|x86.Build.0 = Release|Any CPU
		{7500721C-1BA3-45C7-8E1A-462E23FAA769}.Release|x86.Deploy.0 = Release|Any CPU
	EndGlobalSection
	GlobalSection(SolutionProperties) = preSolution
		HideSolutionNode = FALSE
	EndGlobalSection
	GlobalSection(ExtensibilityGlobals) = postSolution
		SolutionGuid = {AFFB002A-768E-4A25-BCAA-9D7A714DD166}
	EndGlobalSection
EndGlobal
